<?xml version="1.0" encoding="utf-8"?>
<Project ToolsVersion="4.0" xmlns="http://schemas.microsoft.com/developer/msbuild/2003">
  <ItemGroup>
    <Filter Include="Source Files">
      <UniqueIdentifier>{4FC737F1-C7A5-4376-A066-2A32D752A2FF}</UniqueIdentifier>
      <Extensions>cpp;c;cc;cxx;c++;cppm;ixx;def;odl;idl;hpj;bat;asm;asmx</Extensions>
    </Filter>
    <Filter Include="Header Files">
      <UniqueIdentifier>{93995380-89BD-4b04-88EB-625FBE52EBFB}</UniqueIdentifier>
      <Extensions>h;hh;hpp;hxx;h++;hm;inl;inc;ipp;xsd</Extensions>
    </Filter>
    <Filter Include="Resource Files">
      <UniqueIdentifier>{67DA6AB6-F800-4c08-8B7A-83BB121AAD01}</UniqueIdentifier>
      <Extensions>rc;ico;cur;bmp;dlg;rc2;rct;bin;rgs;gif;jpg;jpeg;jpe;resx;tiff;tif;png;wav;mfcribbon-ms</Extensions>
    </Filter>
  </ItemGroup>
  <ItemGroup>
    <ClInclude Include="headers\Algorithms\Algorithm.h">
      <Filter>Header Files</Filter>
    </ClInclude>
    <ClInclude Include="headers\DataStructures\Array.h">
      <Filter>Header Files</Filter>
    </ClInclude>
    <ClInclude Include="headers\DSACore.h">
      <Filter>Header Files</Filter>
    </ClInclude>
    <ClInclude Include="headers\DataStructures\LinkedList.h">
      <Filter>Header Files</Filter>
    </ClInclude>
    <ClInclude Include="headers\DataStructures\Stack.h">
      <Filter>Header Files</Filter>
    </ClInclude>
    <ClInclude Include="headers\DataStructures\DoublyLinkedList.h">
      <Filter>Header Files</Filter>
    </ClInclude>
    <ClInclude Include="headers\DataStructures\Queue.h">
      <Filter>Header Files</Filter>
    </ClInclude>
    <ClInclude Include="headers\DataStructures\BinaryTree.h">
      <Filter>Header Files</Filter>
    </ClInclude>
    <ClInclude Include="headers\DataStructures\Tree.h">
      <Filter>Header Files</Filter>
    </ClInclude>
    <ClInclude Include="headers\DataStructures\DynamicArray.h">
      <Filter>Header Files</Filter>
    </ClInclude>
    <ClInclude Include="headers\DataStructures\Matrix.h">
      <Filter>Header Files</Filter>
    </ClInclude>
    <ClInclude Include="headers\DataStructures\DataStructure.h">
      <Filter>Header Files</Filter>
    </ClInclude>
    <ClInclude Include="headers\DataStructures\Graph.h">
      <Filter>Header Files</Filter>
    </ClInclude>
    <ClInclude Include="headers\DataStructures\DynamicMatrix.h">
      <Filter>Header Files</Filter>
    </ClInclude>
    <ClInclude Include="headers\Logger\Logger.h">
      <Filter>Header Files</Filter>
    </ClInclude>
    <ClInclude Include="headers\Algorithms\Sorter.h">
      <Filter>Header Files</Filter>
    </ClInclude>
    <ClInclude Include="headers\Algorithms\Sorter\SelectionSort.h">
      <Filter>Header Files</Filter>
    </ClInclude>
    <ClInclude Include="headers\Algorithms\Sorter\BubbleSort.h">
      <Filter>Header Files</Filter>
    </ClInclude>
    <ClInclude Include="headers\Algorithms\Sorter\Includes.h">
      <Filter>Header Files</Filter>
    </ClInclude>
    <ClInclude Include="headers\Algorithms\Sorter\InsertionSort.h">
      <Filter>Header Files</Filter>
    </ClInclude>
    <ClInclude Include="headers\Algorithms\Searcher.h">
      <Filter>Header Files</Filter>
    </ClInclude>
    <ClInclude Include="headers\Algorithms\Sorter\ISortStrategy.h">
      <Filter>Header Files</Filter>
    </ClInclude>
    <ClInclude Include="headers\Algorithms\Searcher\Includes.h">
      <Filter>Header Files</Filter>
    </ClInclude>
    <ClInclude Include="headers\Algorithms\Searcher\BinarySearch.h">
      <Filter>Header Files</Filter>
    </ClInclude>
    <ClInclude Include="headers\Algorithms\Searcher\LinearSearch.h">
      <Filter>Header Files</Filter>
    </ClInclude>
    <ClInclude Include="headers\Algorithms\Searcher\ISearchStrategy.h">
      <Filter>Header Files</Filter>
    </ClInclude>
    <ClInclude Include="headers\DataStructures\Iterator\Iterator.h">
      <Filter>Header Files</Filter>
    </ClInclude>
    <ClInclude Include="headers\DataStructures\Iterator\Iterable.h">
      <Filter>Header Files</Filter>
    </ClInclude>
    <ClInclude Include="headers\DataStructures\CircularLinkedList.h">
      <Filter>Header Files</Filter>
    </ClInclude>
    <ClInclude Include="headers\DataStructures\BinarySearchTree.h">
      <Filter>Header Files</Filter>
    </ClInclude>
    <ClInclude Include="headers\DataStructures\Iterator\ReverseIterator.h">
      <Filter>Header Files</Filter>
    </ClInclude>
    <ClInclude Include="headers\DataStructures\Iterator\ReverseIterable.h">
      <Filter>Header Files</Filter>
    </ClInclude>
    <ClInclude Include="headers\DataStructures\HashMap.h">
      <Filter>Header Files</Filter>
    </ClInclude>
  </ItemGroup>
  <ItemGroup>
    <None Include="headers\DataStructures\Iterator\Implementations\DynamicArrayReverseIterator.tpp" />
    <None Include="headers\DataStructures\Iterator\Implementations\DynamicArrayIterator.tpp" />
    <None Include="headers\DataStructures\DynamicArray.tpp" />
  </ItemGroup>
</Project>